
Microsoft Visual Studio Solution File, Format Version 12.00
# Visual Studio 2013
VisualStudioVersion = 12.0.31101.0
MinimumVisualStudioVersion = 10.0.40219.1
Project("{FAE04EC0-301F-11D3-BF4B-00C04F79EFBC}") = "v0903", "v0903\v0903.csproj", "{45F01691-5B3A-49E9-97A0-C869119FC92B}"
EndProject
Global
	GlobalSection(SolutionConfigurationPlatforms) = preSolution
		Debug|Any CPU = Debug|Any CPU
		Release|Any CPU = Release|Any CPU
	EndGlobalSection
	GlobalSection(ProjectConfigurationPlatforms) = postSolution
		{45F01691-5B3A-49E9-97A0-C869119FC92B}.Debug|Any CPU.ActiveCfg = Debug|Any CPU
		{45F01691-5B3A-49E9-97A0-C869119FC92B}.Debug|Any CPU.Build.0 = Debug|Any CPU
		{45F01691-5B3A-49E9-97A0-C869119FC92B}.Release|Any CPU.ActiveCfg = Release|Any CPU
		{45F01691-5B3A-49E9-97A0-C869119FC92B}.Release|Any CPU.Build.0 = Release|Any CPU
	EndGlobalSection
	GlobalSection(SolutionProperties) = preSolution
		HideSolutionNode = FALSE
	EndGlobalSection
EndGlobal
